// !$*UTF8*$!
{
	archiveVersion = 1;
	classes = {
	};
	objectVersion = 50;
	objects = {

/* Begin PBXBuildFile section */
		7D80DFBF26CFFA950022244D /* AppDelegate.swift in Sources */ = {isa = PBXBuildFile; fileRef = 7D80DFBE26CFFA950022244D /* AppDelegate.swift */; };
		7D80DFC126CFFA950022244D /* SceneDelegate.swift in Sources */ = {isa = PBXBuildFile; fileRef = 7D80DFC026CFFA950022244D /* SceneDelegate.swift */; };
		7D80DFC326CFFA950022244D /* ContentView.swift in Sources */ = {isa = PBXBuildFile; fileRef = 7D80DFC226CFFA950022244D /* ContentView.swift */; };
		7D80DFC526CFFA970022244D /* Assets.xcassets in Resources */ = {isa = PBXBuildFile; fileRef = 7D80DFC426CFFA970022244D /* Assets.xcassets */; };
		7D80DFC826CFFA970022244D /* Preview Assets.xcassets in Resources */ = {isa = PBXBuildFile; fileRef = 7D80DFC726CFFA970022244D /* Preview Assets.xcassets */; };
		7D80DFCB26CFFA970022244D /* LaunchScreen.storyboard in Resources */ = {isa = PBXBuildFile; fileRef = 7D80DFC926CFFA970022244D /* LaunchScreen.storyboard */; };
		7D80DFD326CFFC0C0022244D /* AssetView.swift in Sources */ = {isa = PBXBuildFile; fileRef = 7D80DFD226CFFC0C0022244D /* AssetView.swift */; };
		7D80DFD526D1E62F0022244D /* NavigationBarWithButton.swift in Sources */ = {isa = PBXBuildFile; fileRef = 7D80DFD426D1E62E0022244D /* NavigationBarWithButton.swift */; };
		7D80DFD726D1FC970022244D /* AssetBannerView.swift in Sources */ = {isa = PBXBuildFile; fileRef = 7D80DFD626D1FC970022244D /* AssetBannerView.swift */; };
		7D80DFD926D1FCE80022244D /* AssetMenu.swift in Sources */ = {isa = PBXBuildFile; fileRef = 7D80DFD826D1FCE80022244D /* AssetMenu.swift */; };
		7D80DFDB26D1FE760022244D /* AssetMenuGridView.swift in Sources */ = {isa = PBXBuildFile; fileRef = 7D80DFDA26D1FE760022244D /* AssetMenuGridView.swift */; };
		7D80DFDD26D1FFAF0022244D /* AssetMenuButtonStyle.swift in Sources */ = {isa = PBXBuildFile; fileRef = 7D80DFDC26D1FFAF0022244D /* AssetMenuButtonStyle.swift */; };
		7DE072B626D20FBA001A7F6A /* PageViewController.swift in Sources */ = {isa = PBXBuildFile; fileRef = 7DE072B526D20FBA001A7F6A /* PageViewController.swift */; };
		7DE072B826D2104C001A7F6A /* AssetBanner.swift in Sources */ = {isa = PBXBuildFile; fileRef = 7DE072B726D2104C001A7F6A /* AssetBanner.swift */; };
		7DE072BC26D2182E001A7F6A /* BannerCard.swift in Sources */ = {isa = PBXBuildFile; fileRef = 7DE072BB26D2182E001A7F6A /* BannerCard.swift */; };
		7DE072BE26D219B5001A7F6A /* PageControl.swift in Sources */ = {isa = PBXBuildFile; fileRef = 7DE072BD26D219B5001A7F6A /* PageControl.swift */; };
		7DE072C926D22027001A7F6A /* AssetSectionHeaderView.swift in Sources */ = {isa = PBXBuildFile; fileRef = 7DE072C826D22027001A7F6A /* AssetSectionHeaderView.swift */; };
		7DE072CB26D225AA001A7F6A /* AssetSummaryView.swift in Sources */ = {isa = PBXBuildFile; fileRef = 7DE072CA26D225AA001A7F6A /* AssetSummaryView.swift */; };
		7DE072CE26D22663001A7F6A /* AssetSummaryData.swift in Sources */ = {isa = PBXBuildFile; fileRef = 7DE072CD26D22663001A7F6A /* AssetSummaryData.swift */; };
		7DE072D026D2276A001A7F6A /* assets.json in Resources */ = {isa = PBXBuildFile; fileRef = 7DE072CF26D2276A001A7F6A /* assets.json */; };
		7DE072D226D23632001A7F6A /* AssetSectionView.swift in Sources */ = {isa = PBXBuildFile; fileRef = 7DE072D126D23632001A7F6A /* AssetSectionView.swift */; };
		7DE072D426D24258001A7F6A /* AssetCardSectionView.swift in Sources */ = {isa = PBXBuildFile; fileRef = 7DE072D326D24258001A7F6A /* AssetCardSectionView.swift */; };
		7DE072D626D242A5001A7F6A /* TabMenuView.swift in Sources */ = {isa = PBXBuildFile; fileRef = 7DE072D526D242A5001A7F6A /* TabMenuView.swift */; };
/* End PBXBuildFile section */

/* Begin PBXFileReference section */
		7D80DFBB26CFFA950022244D /* MyAsset.app */ = {isa = PBXFileReference; explicitFileType = wrapper.application; includeInIndex = 0; path = MyAsset.app; sourceTree = BUILT_PRODUCTS_DIR; };
		7D80DFBE26CFFA950022244D /* AppDelegate.swift */ = {isa = PBXFileReference; lastKnownFileType = sourcecode.swift; path = AppDelegate.swift; sourceTree = "<group>"; };
		7D80DFC026CFFA950022244D /* SceneDelegate.swift */ = {isa = PBXFileReference; lastKnownFileType = sourcecode.swift; path = SceneDelegate.swift; sourceTree = "<group>"; };
		7D80DFC226CFFA950022244D /* ContentView.swift */ = {isa = PBXFileReference; lastKnownFileType = sourcecode.swift; path = ContentView.swift; sourceTree = "<group>"; };
		7D80DFC426CFFA970022244D /* Assets.xcassets */ = {isa = PBXFileReference; lastKnownFileType = folder.assetcatalog; path = Assets.xcassets; sourceTree = "<group>"; };
		7D80DFC726CFFA970022244D /* Preview Assets.xcassets */ = {isa = PBXFileReference; lastKnownFileType = folder.assetcatalog; path = "Preview Assets.xcassets"; sourceTree = "<group>"; };
		7D80DFCA26CFFA970022244D /* Base */ = {isa = PBXFileReference; lastKnownFileType = file.storyboard; name = Base; path = Base.lproj/LaunchScreen.storyboard; sourceTree = "<group>"; };
		7D80DFCC26CFFA970022244D /* Info.plist */ = {isa = PBXFileReference; lastKnownFileType = text.plist.xml; path = Info.plist; sourceTree = "<group>"; };
		7D80DFD226CFFC0C0022244D /* AssetView.swift */ = {isa = PBXFileReference; lastKnownFileType = sourcecode.swift; path = AssetView.swift; sourceTree = "<group>"; };
		7D80DFD426D1E62E0022244D /* NavigationBarWithButton.swift */ = {isa = PBXFileReference; lastKnownFileType = sourcecode.swift; path = NavigationBarWithButton.swift; sourceTree = "<group>"; };
		7D80DFD626D1FC970022244D /* AssetBannerView.swift */ = {isa = PBXFileReference; lastKnownFileType = sourcecode.swift; path = AssetBannerView.swift; sourceTree = "<group>"; };
		7D80DFD826D1FCE80022244D /* AssetMenu.swift */ = {isa = PBXFileReference; lastKnownFileType = sourcecode.swift; path = AssetMenu.swift; sourceTree = "<group>"; };
		7D80DFDA26D1FE760022244D /* AssetMenuGridView.swift */ = {isa = PBXFileReference; lastKnownFileType = sourcecode.swift; path = AssetMenuGridView.swift; sourceTree = "<group>"; };
		7D80DFDC26D1FFAF0022244D /* AssetMenuButtonStyle.swift */ = {isa = PBXFileReference; lastKnownFileType = sourcecode.swift; path = AssetMenuButtonStyle.swift; sourceTree = "<group>"; };
		7DE072B526D20FBA001A7F6A /* PageViewController.swift */ = {isa = PBXFileReference; lastKnownFileType = sourcecode.swift; path = PageViewController.swift; sourceTree = "<group>"; };
		7DE072B726D2104C001A7F6A /* AssetBanner.swift */ = {isa = PBXFileReference; lastKnownFileType = sourcecode.swift; path = AssetBanner.swift; sourceTree = "<group>"; };
		7DE072BB26D2182E001A7F6A /* BannerCard.swift */ = {isa = PBXFileReference; lastKnownFileType = sourcecode.swift; path = BannerCard.swift; sourceTree = "<group>"; };
		7DE072BD26D219B5001A7F6A /* PageControl.swift */ = {isa = PBXFileReference; lastKnownFileType = sourcecode.swift; path = PageControl.swift; sourceTree = "<group>"; };
		7DE072C826D22027001A7F6A /* AssetSectionHeaderView.swift */ = {isa = PBXFileReference; lastKnownFileType = sourcecode.swift; path = AssetSectionHeaderView.swift; sourceTree = "<group>"; };
		7DE072CA26D225AA001A7F6A /* AssetSummaryView.swift */ = {isa = PBXFileReference; lastKnownFileType = sourcecode.swift; path = AssetSummaryView.swift; sourceTree = "<group>"; };
		7DE072CD26D22663001A7F6A /* AssetSummaryData.swift */ = {isa = PBXFileReference; lastKnownFileType = sourcecode.swift; path = AssetSummaryData.swift; sourceTree = "<group>"; };
		7DE072CF26D2276A001A7F6A /* assets.json */ = {isa = PBXFileReference; lastKnownFileType = text.json; path = assets.json; sourceTree = "<group>"; };
		7DE072D126D23632001A7F6A /* AssetSectionView.swift */ = {isa = PBXFileReference; fileEncoding = 4; lastKnownFileType = sourcecode.swift; path = AssetSectionView.swift; sourceTree = "<group>"; };
		7DE072D326D24258001A7F6A /* AssetCardSectionView.swift */ = {isa = PBXFileReference; lastKnownFileType = sourcecode.swift; path = AssetCardSectionView.swift; sourceTree = "<group>"; };
		7DE072D526D242A5001A7F6A /* TabMenuView.swift */ = {isa = PBXFileReference; lastKnownFileType = sourcecode.swift; path = TabMenuView.swift; sourceTree = "<group>"; };
/* End PBXFileReference section */

/* Begin PBXFrameworksBuildPhase section */
		7D80DFB826CFFA950022244D /* Frameworks */ = {
			isa = PBXFrameworksBuildPhase;
			buildActionMask = 2147483647;
			files = (
			);
			runOnlyForDeploymentPostprocessing = 0;
		};
/* End PBXFrameworksBuildPhase section */

/* Begin PBXGroup section */
		7D80DFB226CFFA950022244D = {
			isa = PBXGroup;
			children = (
				7D80DFBD26CFFA950022244D /* MyAsset */,
				7D80DFBC26CFFA950022244D /* Products */,
			);
			sourceTree = "<group>";
		};
		7D80DFBC26CFFA950022244D /* Products */ = {
			isa = PBXGroup;
			children = (
				7D80DFBB26CFFA950022244D /* MyAsset.app */,
			);
			name = Products;
			sourceTree = "<group>";
		};
		7D80DFBD26CFFA950022244D /* MyAsset */ = {
			isa = PBXGroup;
			children = (
				7D80DFBE26CFFA950022244D /* AppDelegate.swift */,
				7D80DFC026CFFA950022244D /* SceneDelegate.swift */,
				7D80DFC226CFFA950022244D /* ContentView.swift */,
				7DE072BF26D21CFC001A7F6A /* Asset */,
				7DE072B526D20FBA001A7F6A /* PageViewController.swift */,
				7DE072BD26D219B5001A7F6A /* PageControl.swift */,
				7D80DFC426CFFA970022244D /* Assets.xcassets */,
				7D80DFC926CFFA970022244D /* LaunchScreen.storyboard */,
				7D80DFCC26CFFA970022244D /* Info.plist */,
				7D80DFC626CFFA970022244D /* Preview Content */,
			);
			path = MyAsset;
			sourceTree = "<group>";
		};
		7D80DFC626CFFA970022244D /* Preview Content */ = {
			isa = PBXGroup;
			children = (
				7D80DFC726CFFA970022244D /* Preview Assets.xcassets */,
			);
			path = "Preview Content";
			sourceTree = "<group>";
		};
		7DE072BF26D21CFC001A7F6A /* Asset */ = {
			isa = PBXGroup;
			children = (
				7D80DFD226CFFC0C0022244D /* AssetView.swift */,
				7D80DFD826D1FCE80022244D /* AssetMenu.swift */,
				7DE072C026D21D0C001A7F6A /* SubComponents */,
			);
			path = Asset;
			sourceTree = "<group>";
		};
		7DE072C026D21D0C001A7F6A /* SubComponents */ = {
			isa = PBXGroup;
			children = (
				7DE072C126D21D17001A7F6A /* NavigationBar */,
				7DE072C226D21D24001A7F6A /* MenuGridView */,
				7DE072C326D21D44001A7F6A /* BannerView */,
				7DE072CC26D225BF001A7F6A /* SummaryView */,
			);
			path = SubComponents;
			sourceTree = "<group>";
		};
		7DE072C126D21D17001A7F6A /* NavigationBar */ = {
			isa = PBXGroup;
			children = (
				7D80DFD426D1E62E0022244D /* NavigationBarWithButton.swift */,
			);
			path = NavigationBar;
			sourceTree = "<group>";
		};
		7DE072C226D21D24001A7F6A /* MenuGridView */ = {
			isa = PBXGroup;
			children = (
				7D80DFDA26D1FE760022244D /* AssetMenuGridView.swift */,
				7DE072C526D21D6C001A7F6A /* SubComponents */,
			);
			path = MenuGridView;
			sourceTree = "<group>";
		};
		7DE072C326D21D44001A7F6A /* BannerView */ = {
			isa = PBXGroup;
			children = (
				7D80DFD626D1FC970022244D /* AssetBannerView.swift */,
				7DE072B726D2104C001A7F6A /* AssetBanner.swift */,
				7DE072C426D21D54001A7F6A /* SubComponents */,
			);
			path = BannerView;
			sourceTree = "<group>";
		};
		7DE072C426D21D54001A7F6A /* SubComponents */ = {
			isa = PBXGroup;
			children = (
				7DE072BB26D2182E001A7F6A /* BannerCard.swift */,
			);
			path = SubComponents;
			sourceTree = "<group>";
		};
		7DE072C526D21D6C001A7F6A /* SubComponents */ = {
			isa = PBXGroup;
			children = (
				7D80DFDC26D1FFAF0022244D /* AssetMenuButtonStyle.swift */,
			);
			path = SubComponents;
			sourceTree = "<group>";
		};
		7DE072CC26D225BF001A7F6A /* SummaryView */ = {
			isa = PBXGroup;
			children = (
				7DE072CA26D225AA001A7F6A /* AssetSummaryView.swift */,
				7DE072CD26D22663001A7F6A /* AssetSummaryData.swift */,
				7DE072CF26D2276A001A7F6A /* assets.json */,
				7DE072D726D2686E001A7F6A /* SubComponents */,
			);
			path = SummaryView;
			sourceTree = "<group>";
		};
		7DE072D726D2686E001A7F6A /* SubComponents */ = {
			isa = PBXGroup;
			children = (
				7DE072C826D22027001A7F6A /* AssetSectionHeaderView.swift */,
				7DE072D126D23632001A7F6A /* AssetSectionView.swift */,
				7DE072D326D24258001A7F6A /* AssetCardSectionView.swift */,
				7DE072D526D242A5001A7F6A /* TabMenuView.swift */,
			);
			path = SubComponents;
			sourceTree = "<group>";
		};
/* End PBXGroup section */

/* Begin PBXNativeTarget section */
		7D80DFBA26CFFA950022244D /* MyAsset */ = {
			isa = PBXNativeTarget;
			buildConfigurationList = 7D80DFCF26CFFA970022244D /* Build configuration list for PBXNativeTarget "MyAsset" */;
			buildPhases = (
				7D80DFB726CFFA950022244D /* Sources */,
				7D80DFB826CFFA950022244D /* Frameworks */,
				7D80DFB926CFFA950022244D /* Resources */,
			);
			buildRules = (
			);
			dependencies = (
			);
			name = MyAsset;
			productName = MyAsset;
			productReference = 7D80DFBB26CFFA950022244D /* MyAsset.app */;
			productType = "com.apple.product-type.application";
		};
/* End PBXNativeTarget section */

/* Begin PBXProject section */
		7D80DFB326CFFA950022244D /* Project object */ = {
			isa = PBXProject;
			attributes = {
				LastSwiftUpdateCheck = 1250;
				LastUpgradeCheck = 1250;
				TargetAttributes = {
					7D80DFBA26CFFA950022244D = {
						CreatedOnToolsVersion = 12.5.1;
					};
				};
			};
			buildConfigurationList = 7D80DFB626CFFA950022244D /* Build configuration list for PBXProject "MyAsset" */;
			compatibilityVersion = "Xcode 9.3";
			developmentRegion = en;
			hasScannedForEncodings = 0;
			knownRegions = (
				en,
				Base,
			);
			mainGroup = 7D80DFB226CFFA950022244D;
			productRefGroup = 7D80DFBC26CFFA950022244D /* Products */;
			projectDirPath = "";
			projectRoot = "";
			targets = (
				7D80DFBA26CFFA950022244D /* MyAsset */,
			);
		};
/* End PBXProject section */

/* Begin PBXResourcesBuildPhase section */
		7D80DFB926CFFA950022244D /* Resources */ = {
			isa = PBXResourcesBuildPhase;
			buildActionMask = 2147483647;
			files = (
				7D80DFCB26CFFA970022244D /* LaunchScreen.storyboard in Resources */,
				7D80DFC826CFFA970022244D /* Preview Assets.xcassets in Resources */,
				7DE072D026D2276A001A7F6A /* assets.json in Resources */,
				7D80DFC526CFFA970022244D /* Assets.xcassets in Resources */,
			);
			runOnlyForDeploymentPostprocessing = 0;
		};
/* End PBXResourcesBuildPhase section */

/* Begin PBXSourcesBuildPhase section */
		7D80DFB726CFFA950022244D /* Sources */ = {
			isa = PBXSourcesBuildPhase;
			buildActionMask = 2147483647;
			files = (
				7DE072D626D242A5001A7F6A /* TabMenuView.swift in Sources */,
				7DE072D226D23632001A7F6A /* AssetSectionView.swift in Sources */,
				7D80DFDB26D1FE760022244D /* AssetMenuGridView.swift in Sources */,
				7DE072B626D20FBA001A7F6A /* PageViewController.swift in Sources */,
				7D80DFD926D1FCE80022244D /* AssetMenu.swift in Sources */,
				7DE072BE26D219B5001A7F6A /* PageControl.swift in Sources */,
				7DE072C926D22027001A7F6A /* AssetSectionHeaderView.swift in Sources */,
				7D80DFBF26CFFA950022244D /* AppDelegate.swift in Sources */,
				7DE072D426D24258001A7F6A /* AssetCardSectionView.swift in Sources */,
				7D80DFD526D1E62F0022244D /* NavigationBarWithButton.swift in Sources */,
				7D80DFD326CFFC0C0022244D /* AssetView.swift in Sources */,
				7D80DFDD26D1FFAF0022244D /* AssetMenuButtonStyle.swift in Sources */,
				7DE072BC26D2182E001A7F6A /* BannerCard.swift in Sources */,
				7DE072CB26D225AA001A7F6A /* AssetSummaryView.swift in Sources */,
				7D80DFD726D1FC970022244D /* AssetBannerView.swift in Sources */,
				7DE072B826D2104C001A7F6A /* AssetBanner.swift in Sources */,
				7DE072CE26D22663001A7F6A /* AssetSummaryData.swift in Sources */,
				7D80DFC126CFFA950022244D /* SceneDelegate.swift in Sources */,
				7D80DFC326CFFA950022244D /* ContentView.swift in Sources */,
			);
			runOnlyForDeploymentPostprocessing = 0;
		};
/* End PBXSourcesBuildPhase section */

/* Begin PBXVariantGroup section */
		7D80DFC926CFFA970022244D /* LaunchScreen.storyboard */ = {
			isa = PBXVariantGroup;
			children = (
				7D80DFCA26CFFA970022244D /* Base */,
			);
			name = LaunchScreen.storyboard;
			sourceTree = "<group>";
		};
/* End PBXVariantGroup section */

/* Begin XCBuildConfiguration section */
		7D80DFCD26CFFA970022244D /* Debug */ = {
			isa = XCBuildConfiguration;
			buildSettings = {
				ALWAYS_SEARCH_USER_PATHS = NO;
				CLANG_ANALYZER_NONNULL = YES;
				CLANG_ANALYZER_NUMBER_OBJECT_CONVERSION = YES_AGGRESSIVE;
				CLANG_CXX_LANGUAGE_STANDARD = "gnu++14";
				CLANG_CXX_LIBRARY = "libc++";
				CLANG_ENABLE_MODULES = YES;
				CLANG_ENABLE_OBJC_ARC = YES;
				CLANG_ENABLE_OBJC_WEAK = YES;
				CLANG_WARN_BLOCK_CAPTURE_AUTORELEASING = YES;
				CLANG_WARN_BOOL_CONVERSION = YES;
				CLANG_WARN_COMMA = YES;
				CLANG_WARN_CONSTANT_CONVERSION = YES;
				CLANG_WARN_DEPRECATED_OBJC_IMPLEMENTATIONS = YES;
				CLANG_WARN_DIRECT_OBJC_ISA_USAGE = YES_ERROR;
				CLANG_WARN_DOCUMENTATION_COMMENTS = YES;
				CLANG_WARN_EMPTY_BODY = YES;
				CLANG_WARN_ENUM_CONVERSION = YES;
				CLANG_WARN_INFINITE_RECURSION = YES;
				CLANG_WARN_INT_CONVERSION = YES;
				CLANG_WARN_NON_LITERAL_NULL_CONVERSION = YES;
				CLANG_WARN_OBJC_IMPLICIT_RETAIN_SELF = YES;
				CLANG_WARN_OBJC_LITERAL_CONVERSION = YES;
				CLANG_WARN_OBJC_ROOT_CLASS = YES_ERROR;
				CLANG_WARN_QUOTED_INCLUDE_IN_FRAMEWORK_HEADER = YES;
				CLANG_WARN_RANGE_LOOP_ANALYSIS = YES;
				CLANG_WARN_STRICT_PROTOTYPES = YES;
				CLANG_WARN_SUSPICIOUS_MOVE = YES;
				CLANG_WARN_UNGUARDED_AVAILABILITY = YES_AGGRESSIVE;
				CLANG_WARN_UNREACHABLE_CODE = YES;
				CLANG_WARN__DUPLICATE_METHOD_MATCH = YES;
				COPY_PHASE_STRIP = NO;
				DEBUG_INFORMATION_FORMAT = dwarf;
				ENABLE_STRICT_OBJC_MSGSEND = YES;
				ENABLE_TESTABILITY = YES;
				GCC_C_LANGUAGE_STANDARD = gnu11;
				GCC_DYNAMIC_NO_PIC = NO;
				GCC_NO_COMMON_BLOCKS = YES;
				GCC_OPTIMIZATION_LEVEL = 0;
				GCC_PREPROCESSOR_DEFINITIONS = (
					"DEBUG=1",
					"$(inherited)",
				);
				GCC_WARN_64_TO_32_BIT_CONVERSION = YES;
				GCC_WARN_ABOUT_RETURN_TYPE = YES_ERROR;
				GCC_WARN_UNDECLARED_SELECTOR = YES;
				GCC_WARN_UNINITIALIZED_AUTOS = YES_AGGRESSIVE;
				GCC_WARN_UNUSED_FUNCTION = YES;
				GCC_WARN_UNUSED_VARIABLE = YES;
				IPHONEOS_DEPLOYMENT_TARGET = 14.5;
				MTL_ENABLE_DEBUG_INFO = INCLUDE_SOURCE;
				MTL_FAST_MATH = YES;
				ONLY_ACTIVE_ARCH = YES;
				SDKROOT = iphoneos;
				SWIFT_ACTIVE_COMPILATION_CONDITIONS = DEBUG;
				SWIFT_OPTIMIZATION_LEVEL = "-Onone";
			};
			name = Debug;
		};
		7D80DFCE26CFFA970022244D /* Release */ = {
			isa = XCBuildConfiguration;
			buildSettings = {
				ALWAYS_SEARCH_USER_PATHS = NO;
				CLANG_ANALYZER_NONNULL = YES;
				CLANG_ANALYZER_NUMBER_OBJECT_CONVERSION = YES_AGGRESSIVE;
				CLANG_CXX_LANGUAGE_STANDARD = "gnu++14";
				CLANG_CXX_LIBRARY = "libc++";
				CLANG_ENABLE_MODULES = YES;
				CLANG_ENABLE_OBJC_ARC = YES;
				CLANG_ENABLE_OBJC_WEAK = YES;
				CLANG_WARN_BLOCK_CAPTURE_AUTORELEASING = YES;
				CLANG_WARN_BOOL_CONVERSION = YES;
				CLANG_WARN_COMMA = YES;
				CLANG_WARN_CONSTANT_CONVERSION = YES;
				CLANG_WARN_DEPRECATED_OBJC_IMPLEMENTATIONS = YES;
				CLANG_WARN_DIRECT_OBJC_ISA_USAGE = YES_ERROR;
				CLANG_WARN_DOCUMENTATION_COMMENTS = YES;
				CLANG_WARN_EMPTY_BODY = YES;
				CLANG_WARN_ENUM_CONVERSION = YES;
				CLANG_WARN_INFINITE_RECURSION = YES;
				CLANG_WARN_INT_CONVERSION = YES;
				CLANG_WARN_NON_LITERAL_NULL_CONVERSION = YES;
				CLANG_WARN_OBJC_IMPLICIT_RETAIN_SELF = YES;
				CLANG_WARN_OBJC_LITERAL_CONVERSION = YES;
				CLANG_WARN_OBJC_ROOT_CLASS = YES_ERROR;
				CLANG_WARN_QUOTED_INCLUDE_IN_FRAMEWORK_HEADER = YES;
				CLANG_WARN_RANGE_LOOP_ANALYSIS = YES;
				CLANG_WARN_STRICT_PROTOTYPES = YES;
				CLANG_WARN_SUSPICIOUS_MOVE = YES;
				CLANG_WARN_UNGUARDED_AVAILABILITY = YES_AGGRESSIVE;
				CLANG_WARN_UNREACHABLE_CODE = YES;
				CLANG_WARN__DUPLICATE_METHOD_MATCH = YES;
				COPY_PHASE_STRIP = NO;
				DEBUG_INFORMATION_FORMAT = "dwarf-with-dsym";
				ENABLE_NS_ASSERTIONS = NO;
				ENABLE_STRICT_OBJC_MSGSEND = YES;
				GCC_C_LANGUAGE_STANDARD = gnu11;
				GCC_NO_COMMON_BLOCKS = YES;
				GCC_WARN_64_TO_32_BIT_CONVERSION = YES;
				GCC_WARN_ABOUT_RETURN_TYPE = YES_ERROR;
				GCC_WARN_UNDECLARED_SELECTOR = YES;
				GCC_WARN_UNINITIALIZED_AUTOS = YES_AGGRESSIVE;
				GCC_WARN_UNUSED_FUNCTION = YES;
				GCC_WARN_UNUSED_VARIABLE = YES;
				IPHONEOS_DEPLOYMENT_TARGET = 14.5;
				MTL_ENABLE_DEBUG_INFO = NO;
				MTL_FAST_MATH = YES;
				SDKROOT = iphoneos;
				SWIFT_COMPILATION_MODE = wholemodule;
				SWIFT_OPTIMIZATION_LEVEL = "-O";
				VALIDATE_PRODUCT = YES;
			};
			name = Release;
		};
		7D80DFD026CFFA970022244D /* Debug */ = {
			isa = XCBuildConfiguration;
			buildSettings = {
				ASSETCATALOG_COMPILER_APPICON_NAME = AppIcon;
				ASSETCATALOG_COMPILER_GLOBAL_ACCENT_COLOR_NAME = AccentColor;
				CODE_SIGN_STYLE = Automatic;
				DEVELOPMENT_ASSET_PATHS = "\"MyAsset/Preview Content\"";
				DEVELOPMENT_TEAM = V6G44Y3JGM;
				ENABLE_PREVIEWS = YES;
				INFOPLIST_FILE = MyAsset/Info.plist;
				LD_RUNPATH_SEARCH_PATHS = (
					"$(inherited)",
					"@executable_path/Frameworks",
				);
				PRODUCT_BUNDLE_IDENTIFIER = "Bo-Young-PARK.MyAsset";
				PRODUCT_NAME = "$(TARGET_NAME)";
				SWIFT_VERSION = 5.0;
				TARGETED_DEVICE_FAMILY = "1,2";
			};
			name = Debug;
		};
		7D80DFD126CFFA970022244D /* Release */ = {
			isa = XCBuildConfiguration;
			buildSettings = {
				ASSETCATALOG_COMPILER_APPICON_NAME = AppIcon;
				ASSETCATALOG_COMPILER_GLOBAL_ACCENT_COLOR_NAME = AccentColor;
				CODE_SIGN_STYLE = Automatic;
				DEVELOPMENT_ASSET_PATHS = "\"MyAsset/Preview Content\"";
				DEVELOPMENT_TEAM = V6G44Y3JGM;
				ENABLE_PREVIEWS = YES;
				INFOPLIST_FILE = MyAsset/Info.plist;
				LD_RUNPATH_SEARCH_PATHS = (
					"$(inherited)",
					"@executable_path/Frameworks",
				);
				PRODUCT_BUNDLE_IDENTIFIER = "Bo-Young-PARK.MyAsset";
				PRODUCT_NAME = "$(TARGET_NAME)";
				SWIFT_VERSION = 5.0;
				TARGETED_DEVICE_FAMILY = "1,2";
			};
			name = Release;
		};
/* End XCBuildConfiguration section */

/* Begin XCConfigurationList section */
		7D80DFB626CFFA950022244D /* Build configuration list for PBXProject "MyAsset" */ = {
			isa = XCConfigurationList;
			buildConfigurations = (
				7D80DFCD26CFFA970022244D /* Debug */,
				7D80DFCE26CFFA970022244D /* Release */,
			);
			defaultConfigurationIsVisible = 0;
			defaultConfigurationName = Release;
		};
		7D80DFCF26CFFA970022244D /* Build configuration list for PBXNativeTarget "MyAsset" */ = {
			isa = XCConfigurationList;
			buildConfigurations = (
				7D80DFD026CFFA970022244D /* Debug */,
				7D80DFD126CFFA970022244D /* Release */,
			);
			defaultConfigurationIsVisible = 0;
			defaultConfigurationName = Release;
		};
/* End XCConfigurationList section */
	};
	rootObject = 7D80DFB326CFFA950022244D /* Project object */;
}
